Microsoft Visual Studio Solution File, Format Version 11.00
# Visual Studio 2008

Project("{D07C8ABF-91BC-2B0D-F2D4-488DE74A83B0}") = "PlopBalls", "Assembly-CSharp.csproj", "{C7005EAD-D7F2-73EB-4C41-6A43A95067AD}"
EndProject
Project("{D07C8ABF-91BC-2B0D-F2D4-488DE74A83B0}") = "PlopBalls", "Assembly-CSharp-Editor.csproj", "{401A620F-DED3-251B-B337-A5D6F17C8F7E}"
EndProject
Global
	GlobalSection(SolutionConfigurationPlatforms) = preSolution
		Debug|Any CPU = Debug|Any CPU
		Release|Any CPU = Release|Any CPU
	EndGlobalSection
	GlobalSection(ProjectConfigurationPlatforms) = postSolution
		{C7005EAD-D7F2-73EB-4C41-6A43A95067AD}.Debug|Any CPU.ActiveCfg = Debug|Any CPU
		{C7005EAD-D7F2-73EB-4C41-6A43A95067AD}.Debug|Any CPU.Build.0 = Debug|Any CPU
		{C7005EAD-D7F2-73EB-4C41-6A43A95067AD}.Release|Any CPU.ActiveCfg = Release|Any CPU
		{C7005EAD-D7F2-73EB-4C41-6A43A95067AD}.Release|Any CPU.Build.0 = Release|Any CPU
		{401A620F-DED3-251B-B337-A5D6F17C8F7E}.Debug|Any CPU.ActiveCfg = Debug|Any CPU
		{401A620F-DED3-251B-B337-A5D6F17C8F7E}.Debug|Any CPU.Build.0 = Debug|Any CPU
		{401A620F-DED3-251B-B337-A5D6F17C8F7E}.Release|Any CPU.ActiveCfg = Release|Any CPU
		{401A620F-DED3-251B-B337-A5D6F17C8F7E}.Release|Any CPU.Build.0 = Release|Any CPU
	EndGlobalSection
	GlobalSection(SolutionProperties) = preSolution
		HideSolutionNode = FALSE
	EndGlobalSection
																				GlobalSection(MonoDevelopProperties) = preSolution
		StartupItem = Assembly-CSharp.csproj
		Policies = $0
		$0.TextStylePolicy = $1
		$1.inheritsSet = null
		$1.scope = text/x-csharp
		$0.CSharpFormattingPolicy = $2
		$2.inheritsSet = Mono
		$2.inheritsScope = text/x-csharp
		$2.scope = text/x-csharp
		$0.TextStylePolicy = $3
		$3.FileWidth = 120
		$3.TabWidth = 4
		$3.EolMarker = Unix
		$3.inheritsSet = Mono
		$3.inheritsScope = text/plain
		$3.scope = text/plain
	EndGlobalSection

EndGlobal
